
Microsoft Visual Studio Solution File, Format Version 12.00
# Visual Studio Version 16
VisualStudioVersion = 16.0.30002.166
MinimumVisualStudioVersion = 10.0.40219.1
Project("{9A19103F-16F7-4668-BE54-9A1E7A4F7556}") = "MoreBiomesPlus", "MoreBiomesPlus\MoreBiomesPlus.csproj", "{D552875A-6537-413E-B2D4-A3103CCB3D3F}"
EndProject
Global
	GlobalSection(SolutionConfigurationPlatforms) = preSolution
		Debug|Any CPU = Debug|Any CPU
		Release|Any CPU = Release|Any CPU
	EndGlobalSection
	GlobalSection(ProjectConfigurationPlatforms) = postSolution
		{D552875A-6537-413E-B2D4-A3103CCB3D3F}.Debug|Any CPU.ActiveCfg = Debug|Any CPU
		{D552875A-6537-413E-B2D4-A3103CCB3D3F}.Debug|Any CPU.Build.0 = Debug|Any CPU
		{D552875A-6537-413E-B2D4-A3103CCB3D3F}.Release|Any CPU.ActiveCfg = Release|Any CPU
		{D552875A-6537-413E-B2D4-A3103CCB3D3F}.Release|Any CPU.Build.0 = Release|Any CPU
	EndGlobalSection
	GlobalSection(SolutionProperties) = preSolution
		HideSolutionNode = FALSE
	EndGlobalSection
	GlobalSection(ExtensibilityGlobals) = postSolution
		SolutionGuid = {C5A39395-44A1-43ED-B5D9-B31475E8F1E2}
	EndGlobalSection
EndGlobal
